<?xml version="1.0" encoding="utf-8"?>
<Project ToolsVersion="4.0" xmlns="http://schemas.microsoft.com/developer/msbuild/2003">
  <ItemGroup>
    <Filter Include="Source Files">
      <UniqueIdentifier>{4FC737F1-C7A5-4376-A066-2A32D752A2FF}</UniqueIdentifier>
      <Extensions>cpp;c;cc;cxx;c++;cppm;ixx;def;odl;idl;hpj;bat;asm;asmx</Extensions>
    </Filter>
    <Filter Include="Header Files">
      <UniqueIdentifier>{93995380-89BD-4b04-88EB-625FBE52EBFB}</UniqueIdentifier>
      <Extensions>h;hh;hpp;hxx;h++;hm;inl;inc;ipp;xsd</Extensions>
    </Filter>
    <Filter Include="Resource Files">
      <UniqueIdentifier>{67DA6AB6-F800-4c08-8B7A-83BB121AAD01}</UniqueIdentifier>
      <Extensions>rc;ico;cur;bmp;dlg;rc2;rct;bin;rgs;gif;jpg;jpeg;jpe;resx;tiff;tif;png;wav;mfcribbon-ms</Extensions>
    </Filter>
    <Filter Include="Header Files\Lib%27s">
      <UniqueIdentifier>{4418d19a-6531-4528-bf31-0be783c75aaa}</UniqueIdentifier>
    </Filter>
    <Filter Include="Header Files\Screens">
      <UniqueIdentifier>{f2b1c51a-db74-4391-87fa-690a1ff4c706}</UniqueIdentifier>
    </Filter>
    <Filter Include="Header Files\Base">
      <UniqueIdentifier>{9fa7b267-37f9-4460-9aa5-c8397e300cf9}</UniqueIdentifier>
    </Filter>
    <Filter Include="Header Files\Core">
      <UniqueIdentifier>{cd6e5501-be14-4cbe-a752-b958a2723505}</UniqueIdentifier>
    </Filter>
    <Filter Include="Header Files\Core\Transactions">
      <UniqueIdentifier>{fd0e2a18-7753-46c3-b17f-8fc48b8b130b}</UniqueIdentifier>
    </Filter>
    <Filter Include="Header Files\Core\ManageUsers">
      <UniqueIdentifier>{2cacad01-2ff7-46bc-9263-1b525074e167}</UniqueIdentifier>
    </Filter>
    <Filter Include="Header Files\Core\CurrencyExchange">
      <UniqueIdentifier>{b51d33a9-d767-4168-9ce0-52482d43b229}</UniqueIdentifier>
    </Filter>
  </ItemGroup>
  <ItemGroup>
    <ClCompile Include="BankProject.cpp">
      <Filter>Source Files</Filter>
    </ClCompile>
  </ItemGroup>
  <ItemGroup>
    <ClInclude Include="Base\clsBankClient.h">
      <Filter>Header Files\Base</Filter>
    </ClInclude>
    <ClInclude Include="Base\clsCurrency.h">
      <Filter>Header Files\Base</Filter>
    </ClInclude>
    <ClInclude Include="Base\clsPerson.h">
      <Filter>Header Files\Base</Filter>
    </ClInclude>
    <ClInclude Include="Base\clsScreen.h">
      <Filter>Header Files\Base</Filter>
    </ClInclude>
    <ClInclude Include="Base\clsUser.h">
      <Filter>Header Files\Base</Filter>
    </ClInclude>
    <ClInclude Include="Base\Global.h">
      <Filter>Header Files\Base</Filter>
    </ClInclude>
    <ClInclude Include="Lib%27s\clsDate.h">
      <Filter>Header Files\Lib%27s</Filter>
    </ClInclude>
    <ClInclude Include="Lib%27s\clsInputValidate.h">
      <Filter>Header Files\Lib%27s</Filter>
    </ClInclude>
    <ClInclude Include="Lib%27s\clsPeriod.h">
      <Filter>Header Files\Lib%27s</Filter>
    </ClInclude>
    <ClInclude Include="Lib%27s\clsString.h">
      <Filter>Header Files\Lib%27s</Filter>
    </ClInclude>
    <ClInclude Include="Lib%27s\clsUtil.h">
      <Filter>Header Files\Lib%27s</Filter>
    </ClInclude>
    <ClInclude Include="Core\CurrencyExchange\clsCurrencyCalculatorScreen.h">
      <Filter>Header Files\Core\CurrencyExchange</Filter>
    </ClInclude>
    <ClInclude Include="Core\CurrencyExchange\clsFindCurrencyScreen.h">
      <Filter>Header Files\Core\CurrencyExchange</Filter>
    </ClInclude>
    <ClInclude Include="Core\CurrencyExchange\clsListCurrenciesScreen.h">
      <Filter>Header Files\Core\CurrencyExchange</Filter>
    </ClInclude>
    <ClInclude Include="Core\CurrencyExchange\clsUpdateCurrencyRateScreen.h">
      <Filter>Header Files\Core\CurrencyExchange</Filter>
    </ClInclude>
    <ClInclude Include="Core\ManageUsers\clsAddNewUserScreen.h">
      <Filter>Header Files\Core\ManageUsers</Filter>
    </ClInclude>
    <ClInclude Include="Core\ManageUsers\clsDeleteUserScreen.h">
      <Filter>Header Files\Core\ManageUsers</Filter>
    </ClInclude>
    <ClInclude Include="Core\ManageUsers\clsFindUserScreen.h">
      <Filter>Header Files\Core\ManageUsers</Filter>
    </ClInclude>
    <ClInclude Include="Core\ManageUsers\clsListUsersScreen.h">
      <Filter>Header Files\Core\ManageUsers</Filter>
    </ClInclude>
    <ClInclude Include="Core\ManageUsers\clsUpdateUserScreen.h">
      <Filter>Header Files\Core\ManageUsers</Filter>
    </ClInclude>
    <ClInclude Include="Core\Transactions\clsDepositScreen.h">
      <Filter>Header Files\Core\Transactions</Filter>
    </ClInclude>
    <ClInclude Include="Core\Transactions\clsTotalBalancesScreen.h">
      <Filter>Header Files\Core\Transactions</Filter>
    </ClInclude>
    <ClInclude Include="Core\Transactions\clsTransferLogScreen.h">
      <Filter>Header Files\Core\Transactions</Filter>
    </ClInclude>
    <ClInclude Include="Core\Transactions\clsTransferScreen.h">
      <Filter>Header Files\Core\Transactions</Filter>
    </ClInclude>
    <ClInclude Include="Core\Transactions\clsWithdrawScreen.h">
      <Filter>Header Files\Core\Transactions</Filter>
    </ClInclude>
    <ClInclude Include="Screens\clsLoginScreen.h">
      <Filter>Header Files\Screens</Filter>
    </ClInclude>
    <ClInclude Include="Screens\clsMainMenueScreen.h">
      <Filter>Header Files\Screens</Filter>
    </ClInclude>
    <ClInclude Include="Screens\clsManageUsersScreen.h">
      <Filter>Header Files\Screens</Filter>
    </ClInclude>
    <ClInclude Include="Screens\clsShowCurrencyExchangeScreen.h">
      <Filter>Header Files\Screens</Filter>
    </ClInclude>
    <ClInclude Include="Screens\clsTransactionsScreen.h">
      <Filter>Header Files\Screens</Filter>
    </ClInclude>
  </ItemGroup>
</Project>